
Microsoft Visual Studio Solution File, Format Version 12.00
# Visual Studio Version 16
VisualStudioVersion = 16.0.30406.217
MinimumVisualStudioVersion = 10.0.40219.1
Project("{8BC9CEB8-8B4A-11D0-8D11-00A0C91BC942}") = "Learning C", "Learning C.vcxproj", "{D6C2D3AD-6022-4D3A-8394-B3F6D458DF77}"
EndProject
Global
	GlobalSection(SolutionConfigurationPlatforms) = preSolution
		Debug|x64 = Debug|x64
		Debug|x86 = Debug|x86
		Release|x64 = Release|x64
		Release|x86 = Release|x86
	EndGlobalSection
	GlobalSection(ProjectConfigurationPlatforms) = postSolution
		{D6C2D3AD-6022-4D3A-8394-B3F6D458DF77}.Debug|x64.ActiveCfg = Debug|x64
		{D6C2D3AD-6022-4D3A-8394-B3F6D458DF77}.Debug|x64.Build.0 = Debug|x64
		{D6C2D3AD-6022-4D3A-8394-B3F6D458DF77}.Debug|x86.ActiveCfg = Debug|Win32
		{D6C2D3AD-6022-4D3A-8394-B3F6D458DF77}.Debug|x86.Build.0 = Debug|Win32
		{D6C2D3AD-6022-4D3A-8394-B3F6D458DF77}.Release|x64.ActiveCfg = Release|x64
		{D6C2D3AD-6022-4D3A-8394-B3F6D458DF77}.Release|x64.Build.0 = Release|x64
		{D6C2D3AD-6022-4D3A-8394-B3F6D458DF77}.Release|x86.ActiveCfg = Release|Win32
		{D6C2D3AD-6022-4D3A-8394-B3F6D458DF77}.Release|x86.Build.0 = Release|Win32
	EndGlobalSection
	GlobalSection(SolutionProperties) = preSolution
		HideSolutionNode = FALSE
	EndGlobalSection
	GlobalSection(ExtensibilityGlobals) = postSolution
		SolutionGuid = {9F9A8504-FC0D-41F1-9A6A-133948B1588F}
	EndGlobalSection
EndGlobal
